
Microsoft Visual Studio Solution File, Format Version 12.00
# Visual Studio Version 16
VisualStudioVersion = 16.0.29102.190
MinimumVisualStudioVersion = 10.0.40219.1
Project("{FAE04EC0-301F-11D3-BF4B-00C04F79EFBC}") = "DesignPatterns", "DesignPatterns\DesignPatterns.csproj", "{545BC507-0725-47B8-8701-6AF5919D7785}"
EndProject
Global
	GlobalSection(SolutionConfigurationPlatforms) = preSolution
		Debug|Any CPU = Debug|Any CPU
		Release|Any CPU = Release|Any CPU
	EndGlobalSection
	GlobalSection(ProjectConfigurationPlatforms) = postSolution
		{545BC507-0725-47B8-8701-6AF5919D7785}.Debug|Any CPU.ActiveCfg = Debug|Any CPU
		{545BC507-0725-47B8-8701-6AF5919D7785}.Debug|Any CPU.Build.0 = Debug|Any CPU
		{545BC507-0725-47B8-8701-6AF5919D7785}.Release|Any CPU.ActiveCfg = Release|Any CPU
		{545BC507-0725-47B8-8701-6AF5919D7785}.Release|Any CPU.Build.0 = Release|Any CPU
	EndGlobalSection
	GlobalSection(SolutionProperties) = preSolution
		HideSolutionNode = FALSE
	EndGlobalSection
	GlobalSection(ExtensibilityGlobals) = postSolution
		SolutionGuid = {F4215386-A32E-4983-A56C-B045C08DC3D5}
	EndGlobalSection
EndGlobal
